<Solution>
  <Folder Name="/samples/">
    <Project Path="samples/Sufficit.Blazor.UI.Catalog/Sufficit.Blazor.UI.Catalog.csproj" />
  </Folder>
  <Folder Name="/src/">
    <Project Path="src/Sufficit.Blazor.UI.csproj" />
  </Folder>
  <Folder Name="/tests/">
    <Project Path="tests/Sufficit.Blazor.UI.BrowserTests/Sufficit.Blazor.UI.BrowserTests.csproj" />
    <Project Path="tests/Sufficit.Blazor.UI.Tests/Sufficit.Blazor.UI.Tests.csproj" />
  </Folder>
</Solution>
